
Microsoft Visual Studio Solution File, Format Version 12.00
# Visual Studio 15
VisualStudioVersion = 15.0.26228.9
MinimumVisualStudioVersion = 10.0.40219.1
Project("{FAE04EC0-301F-11D3-BF4B-00C04F79EFBC}") = "TelegramBot.Form", "TelegramBot\TelegramBot.Form.csproj", "{8893DA07-0CED-4933-B396-54BBDBA8A507}"
EndProject
Project("{FAE04EC0-301F-11D3-BF4B-00C04F79EFBC}") = "TelegramBot.Logic", "TelegramBot.Logic\TelegramBot.Logic.csproj", "{B7B9EC7D-E53B-4880-B1FF-D951EB5A04B8}"
EndProject
Global
	GlobalSection(SolutionConfigurationPlatforms) = preSolution
		Debug|Any CPU = Debug|Any CPU
		Release|Any CPU = Release|Any CPU
	EndGlobalSection
	GlobalSection(ProjectConfigurationPlatforms) = postSolution
		{8893DA07-0CED-4933-B396-54BBDBA8A507}.Debug|Any CPU.ActiveCfg = Debug|Any CPU
		{8893DA07-0CED-4933-B396-54BBDBA8A507}.Debug|Any CPU.Build.0 = Debug|Any CPU
		{8893DA07-0CED-4933-B396-54BBDBA8A507}.Release|Any CPU.ActiveCfg = Release|Any CPU
		{8893DA07-0CED-4933-B396-54BBDBA8A507}.Release|Any CPU.Build.0 = Release|Any CPU
		{B7B9EC7D-E53B-4880-B1FF-D951EB5A04B8}.Debug|Any CPU.ActiveCfg = Debug|Any CPU
		{B7B9EC7D-E53B-4880-B1FF-D951EB5A04B8}.Debug|Any CPU.Build.0 = Debug|Any CPU
		{B7B9EC7D-E53B-4880-B1FF-D951EB5A04B8}.Release|Any CPU.ActiveCfg = Release|Any CPU
		{B7B9EC7D-E53B-4880-B1FF-D951EB5A04B8}.Release|Any CPU.Build.0 = Release|Any CPU
	EndGlobalSection
	GlobalSection(SolutionProperties) = preSolution
		HideSolutionNode = FALSE
	EndGlobalSection
EndGlobal
